// !$*UTF8*$!
{
	archiveVersion = 1;
	classes = {
	};
	objectVersion = 55;
	objects = {

/* Begin PBXBuildFile section */
		F40417C8285707E100DA464B /* FirebaseAuth in Frameworks */ = {isa = PBXBuildFile; productRef = F40417C7285707E100DA464B /* FirebaseAuth */; };
		F40417CA285707E100DA464B /* FirebaseFirestore in Frameworks */ = {isa = PBXBuildFile; productRef = F40417C9285707E100DA464B /* FirebaseFirestore */; };
		F40417CC285707E100DA464B /* FirebaseStorage in Frameworks */ = {isa = PBXBuildFile; productRef = F40417CB285707E100DA464B /* FirebaseStorage */; };
		F40417CF2857DFD200DA464B /* MainMessagesView.swift in Sources */ = {isa = PBXBuildFile; fileRef = F40417CE2857DFD200DA464B /* MainMessagesView.swift */; };
		F40417D2285C51E300DA464B /* FirebaseManager.swift in Sources */ = {isa = PBXBuildFile; fileRef = F40417D1285C51E300DA464B /* FirebaseManager.swift */; };
		F40417D528603CEF00DA464B /* SDWebImageSwiftUI in Frameworks */ = {isa = PBXBuildFile; productRef = F40417D428603CEF00DA464B /* SDWebImageSwiftUI */; };
		F40417D82860F8B200DA464B /* ChatUser.swift in Sources */ = {isa = PBXBuildFile; fileRef = F40417D72860F8B200DA464B /* ChatUser.swift */; };
		F40417DB2860FF3E00DA464B /* CreateNewMessageView.swift in Sources */ = {isa = PBXBuildFile; fileRef = F40417DA2860FF3E00DA464B /* CreateNewMessageView.swift */; };
		F419DF0B2852EE7900309035 /* LBTASwiftUIFirebaseChatApp.swift in Sources */ = {isa = PBXBuildFile; fileRef = F419DF0A2852EE7900309035 /* LBTASwiftUIFirebaseChatApp.swift */; };
		F419DF0D2852EE7900309035 /* LoginView.swift in Sources */ = {isa = PBXBuildFile; fileRef = F419DF0C2852EE7900309035 /* LoginView.swift */; };
		F419DF0F2852EE7B00309035 /* Assets.xcassets in Resources */ = {isa = PBXBuildFile; fileRef = F419DF0E2852EE7B00309035 /* Assets.xcassets */; };
		F419DF122852EE7B00309035 /* Preview Assets.xcassets in Resources */ = {isa = PBXBuildFile; fileRef = F419DF112852EE7B00309035 /* Preview Assets.xcassets */; };
		F42928D928547A21007D070D /* GoogleService-Info.plist in Resources */ = {isa = PBXBuildFile; fileRef = F42928D828547A21007D070D /* GoogleService-Info.plist */; };
		F42928DB285598DF007D070D /* ImagePicker.swift in Sources */ = {isa = PBXBuildFile; fileRef = F42928DA285598DF007D070D /* ImagePicker.swift */; };
/* End PBXBuildFile section */

/* Begin PBXFileReference section */
		F40417CE2857DFD200DA464B /* MainMessagesView.swift */ = {isa = PBXFileReference; lastKnownFileType = sourcecode.swift; path = MainMessagesView.swift; sourceTree = "<group>"; };
		F40417D1285C51E300DA464B /* FirebaseManager.swift */ = {isa = PBXFileReference; lastKnownFileType = sourcecode.swift; path = FirebaseManager.swift; sourceTree = "<group>"; };
		F40417D72860F8B200DA464B /* ChatUser.swift */ = {isa = PBXFileReference; lastKnownFileType = sourcecode.swift; path = ChatUser.swift; sourceTree = "<group>"; };
		F40417DA2860FF3E00DA464B /* CreateNewMessageView.swift */ = {isa = PBXFileReference; lastKnownFileType = sourcecode.swift; path = CreateNewMessageView.swift; sourceTree = "<group>"; };
		F419DF072852EE7900309035 /* LBTASwiftUIFirebaseChat.app */ = {isa = PBXFileReference; explicitFileType = wrapper.application; includeInIndex = 0; path = LBTASwiftUIFirebaseChat.app; sourceTree = BUILT_PRODUCTS_DIR; };
		F419DF0A2852EE7900309035 /* LBTASwiftUIFirebaseChatApp.swift */ = {isa = PBXFileReference; lastKnownFileType = sourcecode.swift; path = LBTASwiftUIFirebaseChatApp.swift; sourceTree = "<group>"; };
		F419DF0C2852EE7900309035 /* LoginView.swift */ = {isa = PBXFileReference; lastKnownFileType = sourcecode.swift; path = LoginView.swift; sourceTree = "<group>"; };
		F419DF0E2852EE7B00309035 /* Assets.xcassets */ = {isa = PBXFileReference; lastKnownFileType = folder.assetcatalog; path = Assets.xcassets; sourceTree = "<group>"; };
		F419DF112852EE7B00309035 /* Preview Assets.xcassets */ = {isa = PBXFileReference; lastKnownFileType = folder.assetcatalog; path = "Preview Assets.xcassets"; sourceTree = "<group>"; };
		F42928D828547A21007D070D /* GoogleService-Info.plist */ = {isa = PBXFileReference; fileEncoding = 4; lastKnownFileType = text.plist.xml; path = "GoogleService-Info.plist"; sourceTree = "<group>"; };
		F42928DA285598DF007D070D /* ImagePicker.swift */ = {isa = PBXFileReference; lastKnownFileType = sourcecode.swift; path = ImagePicker.swift; sourceTree = "<group>"; };
/* End PBXFileReference section */

/* Begin PBXFrameworksBuildPhase section */
		F419DF042852EE7900309035 /* Frameworks */ = {
			isa = PBXFrameworksBuildPhase;
			buildActionMask = 2147483647;
			files = (
				F40417D528603CEF00DA464B /* SDWebImageSwiftUI in Frameworks */,
				F40417C8285707E100DA464B /* FirebaseAuth in Frameworks */,
				F40417CA285707E100DA464B /* FirebaseFirestore in Frameworks */,
				F40417CC285707E100DA464B /* FirebaseStorage in Frameworks */,
			);
			runOnlyForDeploymentPostprocessing = 0;
		};
/* End PBXFrameworksBuildPhase section */

/* Begin PBXGroup section */
		F40417CD2857DFB500DA464B /* MainMessages */ = {
			isa = PBXGroup;
			children = (
				F40417D92860FF1900DA464B /* NewMessage */,
				F40417CE2857DFD200DA464B /* MainMessagesView.swift */,
			);
			path = MainMessages;
			sourceTree = "<group>";
		};
		F40417D0285C51CA00DA464B /* Utils */ = {
			isa = PBXGroup;
			children = (
				F40417D1285C51E300DA464B /* FirebaseManager.swift */,
			);
			path = Utils;
			sourceTree = "<group>";
		};
		F40417D62860F89900DA464B /* Models */ = {
			isa = PBXGroup;
			children = (
				F40417D72860F8B200DA464B /* ChatUser.swift */,
			);
			path = Models;
			sourceTree = "<group>";
		};
		F40417D92860FF1900DA464B /* NewMessage */ = {
			isa = PBXGroup;
			children = (
				F40417DA2860FF3E00DA464B /* CreateNewMessageView.swift */,
			);
			path = NewMessage;
			sourceTree = "<group>";
		};
		F419DEFE2852EE7900309035 = {
			isa = PBXGroup;
			children = (
				F419DF092852EE7900309035 /* LBTASwiftUIFirebaseChat */,
				F419DF082852EE7900309035 /* Products */,
			);
			sourceTree = "<group>";
		};
		F419DF082852EE7900309035 /* Products */ = {
			isa = PBXGroup;
			children = (
				F419DF072852EE7900309035 /* LBTASwiftUIFirebaseChat.app */,
			);
			name = Products;
			sourceTree = "<group>";
		};
		F419DF092852EE7900309035 /* LBTASwiftUIFirebaseChat */ = {
			isa = PBXGroup;
			children = (
				F40417D62860F89900DA464B /* Models */,
				F40417D0285C51CA00DA464B /* Utils */,
				F40417CD2857DFB500DA464B /* MainMessages */,
				F419DF0A2852EE7900309035 /* LBTASwiftUIFirebaseChatApp.swift */,
				F419DF0C2852EE7900309035 /* LoginView.swift */,
				F42928D828547A21007D070D /* GoogleService-Info.plist */,
				F419DF0E2852EE7B00309035 /* Assets.xcassets */,
				F419DF102852EE7B00309035 /* Preview Content */,
				F42928DA285598DF007D070D /* ImagePicker.swift */,
			);
			path = LBTASwiftUIFirebaseChat;
			sourceTree = "<group>";
		};
		F419DF102852EE7B00309035 /* Preview Content */ = {
			isa = PBXGroup;
			children = (
				F419DF112852EE7B00309035 /* Preview Assets.xcassets */,
			);
			path = "Preview Content";
			sourceTree = "<group>";
		};
/* End PBXGroup section */

/* Begin PBXNativeTarget section */
		F419DF062852EE7900309035 /* LBTASwiftUIFirebaseChat */ = {
			isa = PBXNativeTarget;
			buildConfigurationList = F419DF152852EE7B00309035 /* Build configuration list for PBXNativeTarget "LBTASwiftUIFirebaseChat" */;
			buildPhases = (
				F419DF032852EE7900309035 /* Sources */,
				F419DF042852EE7900309035 /* Frameworks */,
				F419DF052852EE7900309035 /* Resources */,
			);
			buildRules = (
			);
			dependencies = (
			);
			name = LBTASwiftUIFirebaseChat;
			packageProductDependencies = (
				F40417C7285707E100DA464B /* FirebaseAuth */,
				F40417C9285707E100DA464B /* FirebaseFirestore */,
				F40417CB285707E100DA464B /* FirebaseStorage */,
				F40417D428603CEF00DA464B /* SDWebImageSwiftUI */,
			);
			productName = LBTASwiftUIFirebaseChat;
			productReference = F419DF072852EE7900309035 /* LBTASwiftUIFirebaseChat.app */;
			productType = "com.apple.product-type.application";
		};
/* End PBXNativeTarget section */

/* Begin PBXProject section */
		F419DEFF2852EE7900309035 /* Project object */ = {
			isa = PBXProject;
			attributes = {
				BuildIndependentTargetsInParallel = 1;
				LastSwiftUpdateCheck = 1320;
				LastUpgradeCheck = 1320;
				TargetAttributes = {
					F419DF062852EE7900309035 = {
						CreatedOnToolsVersion = 13.2.1;
					};
				};
			};
			buildConfigurationList = F419DF022852EE7900309035 /* Build configuration list for PBXProject "LBTASwiftUIFirebaseChat" */;
			compatibilityVersion = "Xcode 13.0";
			developmentRegion = en;
			hasScannedForEncodings = 0;
			knownRegions = (
				en,
				Base,
			);
			mainGroup = F419DEFE2852EE7900309035;
			packageReferences = (
				F40417C6285707E100DA464B /* XCRemoteSwiftPackageReference "firebase-ios-sdk" */,
				F40417D328603CEF00DA464B /* XCRemoteSwiftPackageReference "SDWebImageSwiftUI" */,
			);
			productRefGroup = F419DF082852EE7900309035 /* Products */;
			projectDirPath = "";
			projectRoot = "";
			targets = (
				F419DF062852EE7900309035 /* LBTASwiftUIFirebaseChat */,
			);
		};
/* End PBXProject section */

/* Begin PBXResourcesBuildPhase section */
		F419DF052852EE7900309035 /* Resources */ = {
			isa = PBXResourcesBuildPhase;
			buildActionMask = 2147483647;
			files = (
				F419DF122852EE7B00309035 /* Preview Assets.xcassets in Resources */,
				F419DF0F2852EE7B00309035 /* Assets.xcassets in Resources */,
				F42928D928547A21007D070D /* GoogleService-Info.plist in Resources */,
			);
			runOnlyForDeploymentPostprocessing = 0;
		};
/* End PBXResourcesBuildPhase section */

/* Begin PBXSourcesBuildPhase section */
		F419DF032852EE7900309035 /* Sources */ = {
			isa = PBXSourcesBuildPhase;
			buildActionMask = 2147483647;
			files = (
				F40417D82860F8B200DA464B /* ChatUser.swift in Sources */,
				F42928DB285598DF007D070D /* ImagePicker.swift in Sources */,
				F40417CF2857DFD200DA464B /* MainMessagesView.swift in Sources */,
				F40417D2285C51E300DA464B /* FirebaseManager.swift in Sources */,
				F40417DB2860FF3E00DA464B /* CreateNewMessageView.swift in Sources */,
				F419DF0D2852EE7900309035 /* LoginView.swift in Sources */,
				F419DF0B2852EE7900309035 /* LBTASwiftUIFirebaseChatApp.swift in Sources */,
			);
			runOnlyForDeploymentPostprocessing = 0;
		};
/* End PBXSourcesBuildPhase section */

/* Begin XCBuildConfiguration section */
		F419DF132852EE7B00309035 /* Debug */ = {
			isa = XCBuildConfiguration;
			buildSettings = {
				ALWAYS_SEARCH_USER_PATHS = NO;
				CLANG_ANALYZER_NONNULL = YES;
				CLANG_ANALYZER_NUMBER_OBJECT_CONVERSION = YES_AGGRESSIVE;
				CLANG_CXX_LANGUAGE_STANDARD = "gnu++17";
				CLANG_CXX_LIBRARY = "libc++";
				CLANG_ENABLE_MODULES = YES;
				CLANG_ENABLE_OBJC_ARC = YES;
				CLANG_ENABLE_OBJC_WEAK = YES;
				CLANG_WARN_BLOCK_CAPTURE_AUTORELEASING = YES;
				CLANG_WARN_BOOL_CONVERSION = YES;
				CLANG_WARN_COMMA = YES;
				CLANG_WARN_CONSTANT_CONVERSION = YES;
				CLANG_WARN_DEPRECATED_OBJC_IMPLEMENTATIONS = YES;
				CLANG_WARN_DIRECT_OBJC_ISA_USAGE = YES_ERROR;
				CLANG_WARN_DOCUMENTATION_COMMENTS = YES;
				CLANG_WARN_EMPTY_BODY = YES;
				CLANG_WARN_ENUM_CONVERSION = YES;
				CLANG_WARN_INFINITE_RECURSION = YES;
				CLANG_WARN_INT_CONVERSION = YES;
				CLANG_WARN_NON_LITERAL_NULL_CONVERSION = YES;
				CLANG_WARN_OBJC_IMPLICIT_RETAIN_SELF = YES;
				CLANG_WARN_OBJC_LITERAL_CONVERSION = YES;
				CLANG_WARN_OBJC_ROOT_CLASS = YES_ERROR;
				CLANG_WARN_QUOTED_INCLUDE_IN_FRAMEWORK_HEADER = YES;
				CLANG_WARN_RANGE_LOOP_ANALYSIS = YES;
				CLANG_WARN_STRICT_PROTOTYPES = YES;
				CLANG_WARN_SUSPICIOUS_MOVE = YES;
				CLANG_WARN_UNGUARDED_AVAILABILITY = YES_AGGRESSIVE;
				CLANG_WARN_UNREACHABLE_CODE = YES;
				CLANG_WARN__DUPLICATE_METHOD_MATCH = YES;
				COPY_PHASE_STRIP = NO;
				DEBUG_INFORMATION_FORMAT = dwarf;
				ENABLE_STRICT_OBJC_MSGSEND = YES;
				ENABLE_TESTABILITY = YES;
				GCC_C_LANGUAGE_STANDARD = gnu11;
				GCC_DYNAMIC_NO_PIC = NO;
				GCC_NO_COMMON_BLOCKS = YES;
				GCC_OPTIMIZATION_LEVEL = 0;
				GCC_PREPROCESSOR_DEFINITIONS = (
					"DEBUG=1",
					"$(inherited)",
				);
				GCC_WARN_64_TO_32_BIT_CONVERSION = YES;
				GCC_WARN_ABOUT_RETURN_TYPE = YES_ERROR;
				GCC_WARN_UNDECLARED_SELECTOR = YES;
				GCC_WARN_UNINITIALIZED_AUTOS = YES_AGGRESSIVE;
				GCC_WARN_UNUSED_FUNCTION = YES;
				GCC_WARN_UNUSED_VARIABLE = YES;
				IPHONEOS_DEPLOYMENT_TARGET = 15.2;
				MTL_ENABLE_DEBUG_INFO = INCLUDE_SOURCE;
				MTL_FAST_MATH = YES;
				ONLY_ACTIVE_ARCH = YES;
				SDKROOT = iphoneos;
				SWIFT_ACTIVE_COMPILATION_CONDITIONS = DEBUG;
				SWIFT_OPTIMIZATION_LEVEL = "-Onone";
			};
			name = Debug;
		};
		F419DF142852EE7B00309035 /* Release */ = {
			isa = XCBuildConfiguration;
			buildSettings = {
				ALWAYS_SEARCH_USER_PATHS = NO;
				CLANG_ANALYZER_NONNULL = YES;
				CLANG_ANALYZER_NUMBER_OBJECT_CONVERSION = YES_AGGRESSIVE;
				CLANG_CXX_LANGUAGE_STANDARD = "gnu++17";
				CLANG_CXX_LIBRARY = "libc++";
				CLANG_ENABLE_MODULES = YES;
				CLANG_ENABLE_OBJC_ARC = YES;
				CLANG_ENABLE_OBJC_WEAK = YES;
				CLANG_WARN_BLOCK_CAPTURE_AUTORELEASING = YES;
				CLANG_WARN_BOOL_CONVERSION = YES;
				CLANG_WARN_COMMA = YES;
				CLANG_WARN_CONSTANT_CONVERSION = YES;
				CLANG_WARN_DEPRECATED_OBJC_IMPLEMENTATIONS = YES;
				CLANG_WARN_DIRECT_OBJC_ISA_USAGE = YES_ERROR;
				CLANG_WARN_DOCUMENTATION_COMMENTS = YES;
				CLANG_WARN_EMPTY_BODY = YES;
				CLANG_WARN_ENUM_CONVERSION = YES;
				CLANG_WARN_INFINITE_RECURSION = YES;
				CLANG_WARN_INT_CONVERSION = YES;
				CLANG_WARN_NON_LITERAL_NULL_CONVERSION = YES;
				CLANG_WARN_OBJC_IMPLICIT_RETAIN_SELF = YES;
				CLANG_WARN_OBJC_LITERAL_CONVERSION = YES;
				CLANG_WARN_OBJC_ROOT_CLASS = YES_ERROR;
				CLANG_WARN_QUOTED_INCLUDE_IN_FRAMEWORK_HEADER = YES;
				CLANG_WARN_RANGE_LOOP_ANALYSIS = YES;
				CLANG_WARN_STRICT_PROTOTYPES = YES;
				CLANG_WARN_SUSPICIOUS_MOVE = YES;
				CLANG_WARN_UNGUARDED_AVAILABILITY = YES_AGGRESSIVE;
				CLANG_WARN_UNREACHABLE_CODE = YES;
				CLANG_WARN__DUPLICATE_METHOD_MATCH = YES;
				COPY_PHASE_STRIP = NO;
				DEBUG_INFORMATION_FORMAT = "dwarf-with-dsym";
				ENABLE_NS_ASSERTIONS = NO;
				ENABLE_STRICT_OBJC_MSGSEND = YES;
				GCC_C_LANGUAGE_STANDARD = gnu11;
				GCC_NO_COMMON_BLOCKS = YES;
				GCC_WARN_64_TO_32_BIT_CONVERSION = YES;
				GCC_WARN_ABOUT_RETURN_TYPE = YES_ERROR;
				GCC_WARN_UNDECLARED_SELECTOR = YES;
				GCC_WARN_UNINITIALIZED_AUTOS = YES_AGGRESSIVE;
				GCC_WARN_UNUSED_FUNCTION = YES;
				GCC_WARN_UNUSED_VARIABLE = YES;
				IPHONEOS_DEPLOYMENT_TARGET = 15.2;
				MTL_ENABLE_DEBUG_INFO = NO;
				MTL_FAST_MATH = YES;
				SDKROOT = iphoneos;
				SWIFT_COMPILATION_MODE = wholemodule;
				SWIFT_OPTIMIZATION_LEVEL = "-O";
				VALIDATE_PRODUCT = YES;
			};
			name = Release;
		};
		F419DF162852EE7B00309035 /* Debug */ = {
			isa = XCBuildConfiguration;
			buildSettings = {
				ASSETCATALOG_COMPILER_APPICON_NAME = AppIcon;
				ASSETCATALOG_COMPILER_GLOBAL_ACCENT_COLOR_NAME = AccentColor;
				CODE_SIGN_STYLE = Automatic;
				CURRENT_PROJECT_VERSION = 1;
				DEVELOPMENT_ASSET_PATHS = "\"LBTASwiftUIFirebaseChat/Preview Content\"";
				DEVELOPMENT_TEAM = XW5HJS9CW6;
				ENABLE_PREVIEWS = YES;
				GENERATE_INFOPLIST_FILE = YES;
				INFOPLIST_KEY_UIApplicationSceneManifest_Generation = YES;
				INFOPLIST_KEY_UIApplicationSupportsIndirectInputEvents = YES;
				INFOPLIST_KEY_UILaunchScreen_Generation = YES;
				INFOPLIST_KEY_UISupportedInterfaceOrientations_iPad = "UIInterfaceOrientationPortrait UIInterfaceOrientationPortraitUpsideDown UIInterfaceOrientationLandscapeLeft UIInterfaceOrientationLandscapeRight";
				INFOPLIST_KEY_UISupportedInterfaceOrientations_iPhone = "UIInterfaceOrientationPortrait UIInterfaceOrientationLandscapeLeft UIInterfaceOrientationLandscapeRight";
				LD_RUNPATH_SEARCH_PATHS = (
					"$(inherited)",
					"@executable_path/Frameworks",
				);
				MARKETING_VERSION = 1.0;
				PRODUCT_BUNDLE_IDENTIFIER = com.presidente.LBTASwiftUIFirebaseChat;
				PRODUCT_NAME = "$(TARGET_NAME)";
				SWIFT_EMIT_LOC_STRINGS = YES;
				SWIFT_VERSION = 5.0;
				TARGETED_DEVICE_FAMILY = "1,2";
			};
			name = Debug;
		};
		F419DF172852EE7B00309035 /* Release */ = {
			isa = XCBuildConfiguration;
			buildSettings = {
				ASSETCATALOG_COMPILER_APPICON_NAME = AppIcon;
				ASSETCATALOG_COMPILER_GLOBAL_ACCENT_COLOR_NAME = AccentColor;
				CODE_SIGN_STYLE = Automatic;
				CURRENT_PROJECT_VERSION = 1;
				DEVELOPMENT_ASSET_PATHS = "\"LBTASwiftUIFirebaseChat/Preview Content\"";
				DEVELOPMENT_TEAM = XW5HJS9CW6;
				ENABLE_PREVIEWS = YES;
				GENERATE_INFOPLIST_FILE = YES;
				INFOPLIST_KEY_UIApplicationSceneManifest_Generation = YES;
				INFOPLIST_KEY_UIApplicationSupportsIndirectInputEvents = YES;
				INFOPLIST_KEY_UILaunchScreen_Generation = YES;
				INFOPLIST_KEY_UISupportedInterfaceOrientations_iPad = "UIInterfaceOrientationPortrait UIInterfaceOrientationPortraitUpsideDown UIInterfaceOrientationLandscapeLeft UIInterfaceOrientationLandscapeRight";
				INFOPLIST_KEY_UISupportedInterfaceOrientations_iPhone = "UIInterfaceOrientationPortrait UIInterfaceOrientationLandscapeLeft UIInterfaceOrientationLandscapeRight";
				LD_RUNPATH_SEARCH_PATHS = (
					"$(inherited)",
					"@executable_path/Frameworks",
				);
				MARKETING_VERSION = 1.0;
				PRODUCT_BUNDLE_IDENTIFIER = com.presidente.LBTASwiftUIFirebaseChat;
				PRODUCT_NAME = "$(TARGET_NAME)";
				SWIFT_EMIT_LOC_STRINGS = YES;
				SWIFT_VERSION = 5.0;
				TARGETED_DEVICE_FAMILY = "1,2";
			};
			name = Release;
		};
/* End XCBuildConfiguration section */

/* Begin XCConfigurationList section */
		F419DF022852EE7900309035 /* Build configuration list for PBXProject "LBTASwiftUIFirebaseChat" */ = {
			isa = XCConfigurationList;
			buildConfigurations = (
				F419DF132852EE7B00309035 /* Debug */,
				F419DF142852EE7B00309035 /* Release */,
			);
			defaultConfigurationIsVisible = 0;
			defaultConfigurationName = Release;
		};
		F419DF152852EE7B00309035 /* Build configuration list for PBXNativeTarget "LBTASwiftUIFirebaseChat" */ = {
			isa = XCConfigurationList;
			buildConfigurations = (
				F419DF162852EE7B00309035 /* Debug */,
				F419DF172852EE7B00309035 /* Release */,
			);
			defaultConfigurationIsVisible = 0;
			defaultConfigurationName = Release;
		};
/* End XCConfigurationList section */

/* Begin XCRemoteSwiftPackageReference section */
		F40417C6285707E100DA464B /* XCRemoteSwiftPackageReference "firebase-ios-sdk" */ = {
			isa = XCRemoteSwiftPackageReference;
			repositoryURL = "https://github.com/firebase/firebase-ios-sdk.git";
			requirement = {
				branch = master;
				kind = branch;
			};
		};
		F40417D328603CEF00DA464B /* XCRemoteSwiftPackageReference "SDWebImageSwiftUI" */ = {
			isa = XCRemoteSwiftPackageReference;
			repositoryURL = "https://github.com/SDWebImage/SDWebImageSwiftUI.git";
			requirement = {
				kind = upToNextMajorVersion;
				minimumVersion = 2.0.0;
			};
		};
/* End XCRemoteSwiftPackageReference section */

/* Begin XCSwiftPackageProductDependency section */
		F40417C7285707E100DA464B /* FirebaseAuth */ = {
			isa = XCSwiftPackageProductDependency;
			package = F40417C6285707E100DA464B /* XCRemoteSwiftPackageReference "firebase-ios-sdk" */;
			productName = FirebaseAuth;
		};
		F40417C9285707E100DA464B /* FirebaseFirestore */ = {
			isa = XCSwiftPackageProductDependency;
			package = F40417C6285707E100DA464B /* XCRemoteSwiftPackageReference "firebase-ios-sdk" */;
			productName = FirebaseFirestore;
		};
		F40417CB285707E100DA464B /* FirebaseStorage */ = {
			isa = XCSwiftPackageProductDependency;
			package = F40417C6285707E100DA464B /* XCRemoteSwiftPackageReference "firebase-ios-sdk" */;
			productName = FirebaseStorage;
		};
		F40417D428603CEF00DA464B /* SDWebImageSwiftUI */ = {
			isa = XCSwiftPackageProductDependency;
			package = F40417D328603CEF00DA464B /* XCRemoteSwiftPackageReference "SDWebImageSwiftUI" */;
			productName = SDWebImageSwiftUI;
		};
/* End XCSwiftPackageProductDependency section */
	};
	rootObject = F419DEFF2852EE7900309035 /* Project object */;
}
